
Microsoft Visual Studio Solution File, Format Version 12.00
# Visual Studio Version 17
VisualStudioVersion = 17.4.33103.184
MinimumVisualStudioVersion = 10.0.40219.1
Project("{8BC9CEB8-8B4A-11D0-8D11-00A0C91BC942}") = "MineSweeper_2", "MineSweeper_2\MineSweeper_2.vcxproj", "{86B53DB1-5125-4D33-AA4A-8E4AD25390D9}"
EndProject
Project("{54435603-DBB4-11D2-8724-00A0C9A8B90C}") = "MineSweeper", "MineSweeper\MineSweeper.vdproj", "{7E08F81E-73A8-477E-A5E3-3F06AE4782CE}"
EndProject
Global
	GlobalSection(SolutionConfigurationPlatforms) = preSolution
		Debug|x64 = Debug|x64
		Debug|x86 = Debug|x86
		Release|x64 = Release|x64
		Release|x86 = Release|x86
	EndGlobalSection
	GlobalSection(ProjectConfigurationPlatforms) = postSolution
		{86B53DB1-5125-4D33-AA4A-8E4AD25390D9}.Debug|x64.ActiveCfg = Debug|x64
		{86B53DB1-5125-4D33-AA4A-8E4AD25390D9}.Debug|x64.Build.0 = Debug|x64
		{86B53DB1-5125-4D33-AA4A-8E4AD25390D9}.Debug|x86.ActiveCfg = Debug|Win32
		{86B53DB1-5125-4D33-AA4A-8E4AD25390D9}.Debug|x86.Build.0 = Debug|Win32
		{86B53DB1-5125-4D33-AA4A-8E4AD25390D9}.Release|x64.ActiveCfg = Release|x64
		{86B53DB1-5125-4D33-AA4A-8E4AD25390D9}.Release|x64.Build.0 = Release|x64
		{86B53DB1-5125-4D33-AA4A-8E4AD25390D9}.Release|x86.ActiveCfg = Release|Win32
		{86B53DB1-5125-4D33-AA4A-8E4AD25390D9}.Release|x86.Build.0 = Release|Win32
		{7E08F81E-73A8-477E-A5E3-3F06AE4782CE}.Debug|x64.ActiveCfg = Debug
		{7E08F81E-73A8-477E-A5E3-3F06AE4782CE}.Debug|x86.ActiveCfg = Debug
		{7E08F81E-73A8-477E-A5E3-3F06AE4782CE}.Release|x64.ActiveCfg = Release
		{7E08F81E-73A8-477E-A5E3-3F06AE4782CE}.Release|x86.ActiveCfg = Release
	EndGlobalSection
	GlobalSection(SolutionProperties) = preSolution
		HideSolutionNode = FALSE
	EndGlobalSection
	GlobalSection(ExtensibilityGlobals) = postSolution
		SolutionGuid = {EA90DFC7-7B1B-48B8-A650-39DAEE49B1F5}
	EndGlobalSection
EndGlobal
